
Microsoft Visual Studio Solution File, Format Version 12.00
# Visual Studio 15
VisualStudioVersion = 15.0.27428.2015
MinimumVisualStudioVersion = 10.0.40219.1
Project("{2150E333-8FDC-42A3-9474-1A3956D46DE8}") = "src", "src", "{7D7F633A-D0D7-4598-AD7C-19DCD06B207F}"
EndProject
Project("{FAE04EC0-301F-11D3-BF4B-00C04F79EFBC}") = "VirtualEntities", "src\VirtualEntities\VirtualEntities.csproj", "{95B0131D-6488-4525-96DE-55F67CF95393}"
EndProject
Project("{9A19103F-16F7-4668-BE54-9A1E7A4F7556}") = "WebHooks", "src\WebHooks\WebHooks.csproj", "{BEC2620B-916A-40FC-A6FC-A5E41800ADBF}"
EndProject
Global
	GlobalSection(SolutionConfigurationPlatforms) = preSolution
		Debug|Any CPU = Debug|Any CPU
		Release|Any CPU = Release|Any CPU
	EndGlobalSection
	GlobalSection(ProjectConfigurationPlatforms) = postSolution
		{95B0131D-6488-4525-96DE-55F67CF95393}.Debug|Any CPU.ActiveCfg = Debug|Any CPU
		{95B0131D-6488-4525-96DE-55F67CF95393}.Debug|Any CPU.Build.0 = Debug|Any CPU
		{95B0131D-6488-4525-96DE-55F67CF95393}.Release|Any CPU.ActiveCfg = Release|Any CPU
		{95B0131D-6488-4525-96DE-55F67CF95393}.Release|Any CPU.Build.0 = Release|Any CPU
		{BEC2620B-916A-40FC-A6FC-A5E41800ADBF}.Debug|Any CPU.ActiveCfg = Debug|Any CPU
		{BEC2620B-916A-40FC-A6FC-A5E41800ADBF}.Debug|Any CPU.Build.0 = Debug|Any CPU
		{BEC2620B-916A-40FC-A6FC-A5E41800ADBF}.Release|Any CPU.ActiveCfg = Release|Any CPU
		{BEC2620B-916A-40FC-A6FC-A5E41800ADBF}.Release|Any CPU.Build.0 = Release|Any CPU
	EndGlobalSection
	GlobalSection(SolutionProperties) = preSolution
		HideSolutionNode = FALSE
	EndGlobalSection
	GlobalSection(NestedProjects) = preSolution
		{95B0131D-6488-4525-96DE-55F67CF95393} = {7D7F633A-D0D7-4598-AD7C-19DCD06B207F}
		{BEC2620B-916A-40FC-A6FC-A5E41800ADBF} = {7D7F633A-D0D7-4598-AD7C-19DCD06B207F}
	EndGlobalSection
	GlobalSection(ExtensibilityGlobals) = postSolution
		SolutionGuid = {994412D7-0139-44DD-91FB-C89406117691}
	EndGlobalSection
EndGlobal
